# This file is automatically @generated by Cargo.
# It is not intended for manual editing.
version = 3

[[package]]
name = "codegen"
version = "0.1.0"

[[package]]
name = "spec"
version = "0.1.0"
dependencies = [
 "wrausmt",
]

[[package]]
name = "wrausmt"
version = "0.1.0"
dependencies = [
 "codegen",
]
