# This file is automatically @generated by Cargo.
# It is not intended for manual editing.
version = 3

[[package]]
name = "codegen"
version = "0.1.0"

[[package]]
name = "spec"
version = "0.1.0"
dependencies = [
 "wrausmt-format",
 "wrausmt-runtime",
]

[[package]]
name = "tests"
version = "0.1.0"
dependencies = [
 "wrausmt-format",
 "wrausmt-runtime",
]

[[package]]
name = "wrausmt-bin"
version = "0.1.0"
dependencies = [
 "wrausmt-format",
 "wrausmt-runtime",
]

[[package]]
name = "wrausmt-format"
version = "0.1.0"
dependencies = [
 "wrausmt-runtime",
]

[[package]]
name = "wrausmt-runtime"
version = "0.1.0"
dependencies = [
 "codegen",
]
